
Microsoft Visual Studio Solution File, Format Version 12.00
# Visual Studio 15
VisualStudioVersion = 15.0.28307.421
MinimumVisualStudioVersion = 10.0.40219.1
Project("{FAE04EC0-301F-11D3-BF4B-00C04F79EFBC}") = "Word Game", "Word Game\Word Game.csproj", "{8BC72C26-762C-4276-8142-E0DE436FC595}"
EndProject
Global
	GlobalSection(SolutionConfigurationPlatforms) = preSolution
		Debug|Any CPU = Debug|Any CPU
		Release|Any CPU = Release|Any CPU
	EndGlobalSection
	GlobalSection(ProjectConfigurationPlatforms) = postSolution
		{8BC72C26-762C-4276-8142-E0DE436FC595}.Debug|Any CPU.ActiveCfg = Debug|Any CPU
		{8BC72C26-762C-4276-8142-E0DE436FC595}.Debug|Any CPU.Build.0 = Debug|Any CPU
		{8BC72C26-762C-4276-8142-E0DE436FC595}.Release|Any CPU.ActiveCfg = Release|Any CPU
		{8BC72C26-762C-4276-8142-E0DE436FC595}.Release|Any CPU.Build.0 = Release|Any CPU
	EndGlobalSection
	GlobalSection(SolutionProperties) = preSolution
		HideSolutionNode = FALSE
	EndGlobalSection
	GlobalSection(ExtensibilityGlobals) = postSolution
		SolutionGuid = {529085DD-F04F-459F-BF79-CA7AA8D24AD2}
	EndGlobalSection
EndGlobal
